
Microsoft Visual Studio Solution File, Format Version 12.00
# Visual Studio Version 17
VisualStudioVersion = 17.11.35312.102
MinimumVisualStudioVersion = 10.0.40219.1
Project("{9A19103F-16F7-4668-BE54-9A1E7A4F7556}") = "Ornek01", "Ornek01\Ornek01.csproj", "{0446A4FC-5838-48EF-B5F3-D5E2B98B4BBE}"
EndProject
Project("{FAE04EC0-301F-11D3-BF4B-00C04F79EFBC}") = "Ornek02", "Ornek02\Ornek02.csproj", "{2DF70869-5B5B-47A9-86DD-9AA0F449ADE9}"
EndProject
Project("{FAE04EC0-301F-11D3-BF4B-00C04F79EFBC}") = "Ornek03", "Ornek03\Ornek03.csproj", "{4F2D0263-94D6-4CB7-A34D-68C84C7215CB}"
EndProject
Global
	GlobalSection(SolutionConfigurationPlatforms) = preSolution
		Debug|Any CPU = Debug|Any CPU
		Release|Any CPU = Release|Any CPU
	EndGlobalSection
	GlobalSection(ProjectConfigurationPlatforms) = postSolution
		{0446A4FC-5838-48EF-B5F3-D5E2B98B4BBE}.Debug|Any CPU.ActiveCfg = Debug|Any CPU
		{0446A4FC-5838-48EF-B5F3-D5E2B98B4BBE}.Debug|Any CPU.Build.0 = Debug|Any CPU
		{0446A4FC-5838-48EF-B5F3-D5E2B98B4BBE}.Release|Any CPU.ActiveCfg = Release|Any CPU
		{0446A4FC-5838-48EF-B5F3-D5E2B98B4BBE}.Release|Any CPU.Build.0 = Release|Any CPU
		{2DF70869-5B5B-47A9-86DD-9AA0F449ADE9}.Debug|Any CPU.ActiveCfg = Debug|Any CPU
		{2DF70869-5B5B-47A9-86DD-9AA0F449ADE9}.Debug|Any CPU.Build.0 = Debug|Any CPU
		{2DF70869-5B5B-47A9-86DD-9AA0F449ADE9}.Release|Any CPU.ActiveCfg = Release|Any CPU
		{2DF70869-5B5B-47A9-86DD-9AA0F449ADE9}.Release|Any CPU.Build.0 = Release|Any CPU
		{4F2D0263-94D6-4CB7-A34D-68C84C7215CB}.Debug|Any CPU.ActiveCfg = Debug|Any CPU
		{4F2D0263-94D6-4CB7-A34D-68C84C7215CB}.Debug|Any CPU.Build.0 = Debug|Any CPU
		{4F2D0263-94D6-4CB7-A34D-68C84C7215CB}.Release|Any CPU.ActiveCfg = Release|Any CPU
		{4F2D0263-94D6-4CB7-A34D-68C84C7215CB}.Release|Any CPU.Build.0 = Release|Any CPU
	EndGlobalSection
	GlobalSection(SolutionProperties) = preSolution
		HideSolutionNode = FALSE
	EndGlobalSection
	GlobalSection(ExtensibilityGlobals) = postSolution
		SolutionGuid = {DAEF09FA-A942-4AE1-BD05-2717BF07653E}
	EndGlobalSection
EndGlobal
