
Microsoft Visual Studio Solution File, Format Version 12.00
# Visual Studio Version 17
VisualStudioVersion = 17.11.35312.102
MinimumVisualStudioVersion = 10.0.40219.1
Project("{9A19103F-16F7-4668-BE54-9A1E7A4F7556}") = "Ornek01", "Ornek01\Ornek01.csproj", "{0446A4FC-5838-48EF-B5F3-D5E2B98B4BBE}"
EndProject
Project("{9A19103F-16F7-4668-BE54-9A1E7A4F7556}") = "Ornek02", "Ornek02\Ornek02.csproj", "{2DF70869-5B5B-47A9-86DD-9AA0F449ADE9}"
EndProject
Project("{9A19103F-16F7-4668-BE54-9A1E7A4F7556}") = "Ornek03", "Ornek03\Ornek03.csproj", "{4F2D0263-94D6-4CB7-A34D-68C84C7215CB}"
EndProject
Project("{9A19103F-16F7-4668-BE54-9A1E7A4F7556}") = "Ornek04", "Ornek04\Ornek04.csproj", "{D66AA0EC-CE8B-4AF0-AE68-BC0D8AD21A05}"
EndProject
Project("{9A19103F-16F7-4668-BE54-9A1E7A4F7556}") = "Ornek05_Convert", "Ornek05_Convert\Ornek05_Convert.csproj", "{2B1A2DB4-1F42-4ED6-9F5C-0E59E3AABBEC}"
EndProject
Project("{9A19103F-16F7-4668-BE54-9A1E7A4F7556}") = "Ornek06_TryParse", "Ornek06_TryParse\Ornek06_TryParse.csproj", "{393DFCA3-CE2C-4F99-95C4-CCE9B21A5732}"
EndProject
Project("{9A19103F-16F7-4668-BE54-9A1E7A4F7556}") = "Ornek07", "Ornek07\Ornek07.csproj", "{35E13483-55C6-4C2B-8D0E-F267DBD5E5C7}"
EndProject
Project("{9A19103F-16F7-4668-BE54-9A1E7A4F7556}") = "Ornek08_KosulIfadeleri", "Ornek08_KosulIfadeleri\Ornek08_KosulIfadeleri.csproj", "{772BF73F-17DB-445C-A07B-B9C4A78F6305}"
EndProject
Project("{9A19103F-16F7-4668-BE54-9A1E7A4F7556}") = "Ornek09", "Ornek09\Ornek09.csproj", "{D8B98B3B-9B08-498B-B40F-8262D2424F17}"
EndProject
Project("{9A19103F-16F7-4668-BE54-9A1E7A4F7556}") = "Ornek11", "Ornek11\Ornek11.csproj", "{9265B0B5-6277-4831-B20A-D095EB945C0C}"
EndProject
Project("{9A19103F-16F7-4668-BE54-9A1E7A4F7556}") = "Ornek12", "Ornek12\Ornek12.csproj", "{C8A4B1FD-F2DA-4EE2-A589-360C439EC5D9}"
EndProject
Project("{9A19103F-16F7-4668-BE54-9A1E7A4F7556}") = "Ornek13", "Ornek13\Ornek13.csproj", "{9B0D1A44-D430-49E5-AA61-3307862AFAFA}"
EndProject
Project("{9A19103F-16F7-4668-BE54-9A1E7A4F7556}") = "Ornek14_Enum", "Ornek14_Enum\Ornek14_Enum.csproj", "{FF589524-3DD7-45C5-8FAA-409F3C273AF8}"
EndProject
Project("{9A19103F-16F7-4668-BE54-9A1E7A4F7556}") = "Ornek15", "Ornek15\Ornek15.csproj", "{CB1FD2DB-FD19-4CF0-A1D4-28CEF9D58929}"
EndProject
Project("{9A19103F-16F7-4668-BE54-9A1E7A4F7556}") = "Ornek16", "Ornek16\Ornek16.csproj", "{CBEB3BCC-0644-40BB-BD7A-50A3BA24DF01}"
EndProject
Project("{9A19103F-16F7-4668-BE54-9A1E7A4F7556}") = "Ornek17_switchcase", "Ornek17_switchcase\Ornek17_switchcase.csproj", "{276C2C1A-7054-4D01-865D-5CE79240DA9B}"
EndProject
Project("{9A19103F-16F7-4668-BE54-9A1E7A4F7556}") = "Ornek18", "Ornek18\Ornek18.csproj", "{D9613DD6-B76F-417D-AABF-DD74E668DE54}"
EndProject
Project("{9A19103F-16F7-4668-BE54-9A1E7A4F7556}") = "Ornek19", "Ornek19\Ornek19.csproj", "{2A499CFF-8833-41EF-9BBA-175749B613DC}"
EndProject
Project("{9A19103F-16F7-4668-BE54-9A1E7A4F7556}") = "Ornek20", "Ornek20\Ornek20.csproj", "{C04E1CAB-1498-4048-AAE7-9AA573863582}"
EndProject
Project("{FAE04EC0-301F-11D3-BF4B-00C04F79EFBC}") = "Ornek24", "Ornek24\Ornek24.csproj", "{A44453AC-D504-4B39-835F-68F18C506C04}"
EndProject
Global
	GlobalSection(SolutionConfigurationPlatforms) = preSolution
		Debug|Any CPU = Debug|Any CPU
		Release|Any CPU = Release|Any CPU
	EndGlobalSection
	GlobalSection(ProjectConfigurationPlatforms) = postSolution
		{0446A4FC-5838-48EF-B5F3-D5E2B98B4BBE}.Debug|Any CPU.ActiveCfg = Debug|Any CPU
		{0446A4FC-5838-48EF-B5F3-D5E2B98B4BBE}.Debug|Any CPU.Build.0 = Debug|Any CPU
		{0446A4FC-5838-48EF-B5F3-D5E2B98B4BBE}.Release|Any CPU.ActiveCfg = Release|Any CPU
		{0446A4FC-5838-48EF-B5F3-D5E2B98B4BBE}.Release|Any CPU.Build.0 = Release|Any CPU
		{2DF70869-5B5B-47A9-86DD-9AA0F449ADE9}.Debug|Any CPU.ActiveCfg = Debug|Any CPU
		{2DF70869-5B5B-47A9-86DD-9AA0F449ADE9}.Debug|Any CPU.Build.0 = Debug|Any CPU
		{2DF70869-5B5B-47A9-86DD-9AA0F449ADE9}.Release|Any CPU.ActiveCfg = Release|Any CPU
		{2DF70869-5B5B-47A9-86DD-9AA0F449ADE9}.Release|Any CPU.Build.0 = Release|Any CPU
		{4F2D0263-94D6-4CB7-A34D-68C84C7215CB}.Debug|Any CPU.ActiveCfg = Debug|Any CPU
		{4F2D0263-94D6-4CB7-A34D-68C84C7215CB}.Debug|Any CPU.Build.0 = Debug|Any CPU
		{4F2D0263-94D6-4CB7-A34D-68C84C7215CB}.Release|Any CPU.ActiveCfg = Release|Any CPU
		{4F2D0263-94D6-4CB7-A34D-68C84C7215CB}.Release|Any CPU.Build.0 = Release|Any CPU
		{D66AA0EC-CE8B-4AF0-AE68-BC0D8AD21A05}.Debug|Any CPU.ActiveCfg = Debug|Any CPU
		{D66AA0EC-CE8B-4AF0-AE68-BC0D8AD21A05}.Debug|Any CPU.Build.0 = Debug|Any CPU
		{D66AA0EC-CE8B-4AF0-AE68-BC0D8AD21A05}.Release|Any CPU.ActiveCfg = Release|Any CPU
		{D66AA0EC-CE8B-4AF0-AE68-BC0D8AD21A05}.Release|Any CPU.Build.0 = Release|Any CPU
		{2B1A2DB4-1F42-4ED6-9F5C-0E59E3AABBEC}.Debug|Any CPU.ActiveCfg = Debug|Any CPU
		{2B1A2DB4-1F42-4ED6-9F5C-0E59E3AABBEC}.Debug|Any CPU.Build.0 = Debug|Any CPU
		{2B1A2DB4-1F42-4ED6-9F5C-0E59E3AABBEC}.Release|Any CPU.ActiveCfg = Release|Any CPU
		{2B1A2DB4-1F42-4ED6-9F5C-0E59E3AABBEC}.Release|Any CPU.Build.0 = Release|Any CPU
		{393DFCA3-CE2C-4F99-95C4-CCE9B21A5732}.Debug|Any CPU.ActiveCfg = Debug|Any CPU
		{393DFCA3-CE2C-4F99-95C4-CCE9B21A5732}.Debug|Any CPU.Build.0 = Debug|Any CPU
		{393DFCA3-CE2C-4F99-95C4-CCE9B21A5732}.Release|Any CPU.ActiveCfg = Release|Any CPU
		{393DFCA3-CE2C-4F99-95C4-CCE9B21A5732}.Release|Any CPU.Build.0 = Release|Any CPU
		{35E13483-55C6-4C2B-8D0E-F267DBD5E5C7}.Debug|Any CPU.ActiveCfg = Debug|Any CPU
		{35E13483-55C6-4C2B-8D0E-F267DBD5E5C7}.Debug|Any CPU.Build.0 = Debug|Any CPU
		{35E13483-55C6-4C2B-8D0E-F267DBD5E5C7}.Release|Any CPU.ActiveCfg = Release|Any CPU
		{35E13483-55C6-4C2B-8D0E-F267DBD5E5C7}.Release|Any CPU.Build.0 = Release|Any CPU
		{772BF73F-17DB-445C-A07B-B9C4A78F6305}.Debug|Any CPU.ActiveCfg = Debug|Any CPU
		{772BF73F-17DB-445C-A07B-B9C4A78F6305}.Debug|Any CPU.Build.0 = Debug|Any CPU
		{772BF73F-17DB-445C-A07B-B9C4A78F6305}.Release|Any CPU.ActiveCfg = Release|Any CPU
		{772BF73F-17DB-445C-A07B-B9C4A78F6305}.Release|Any CPU.Build.0 = Release|Any CPU
		{D8B98B3B-9B08-498B-B40F-8262D2424F17}.Debug|Any CPU.ActiveCfg = Debug|Any CPU
		{D8B98B3B-9B08-498B-B40F-8262D2424F17}.Debug|Any CPU.Build.0 = Debug|Any CPU
		{D8B98B3B-9B08-498B-B40F-8262D2424F17}.Release|Any CPU.ActiveCfg = Release|Any CPU
		{D8B98B3B-9B08-498B-B40F-8262D2424F17}.Release|Any CPU.Build.0 = Release|Any CPU
		{9265B0B5-6277-4831-B20A-D095EB945C0C}.Debug|Any CPU.ActiveCfg = Debug|Any CPU
		{9265B0B5-6277-4831-B20A-D095EB945C0C}.Debug|Any CPU.Build.0 = Debug|Any CPU
		{9265B0B5-6277-4831-B20A-D095EB945C0C}.Release|Any CPU.ActiveCfg = Release|Any CPU
		{9265B0B5-6277-4831-B20A-D095EB945C0C}.Release|Any CPU.Build.0 = Release|Any CPU
		{C8A4B1FD-F2DA-4EE2-A589-360C439EC5D9}.Debug|Any CPU.ActiveCfg = Debug|Any CPU
		{C8A4B1FD-F2DA-4EE2-A589-360C439EC5D9}.Debug|Any CPU.Build.0 = Debug|Any CPU
		{C8A4B1FD-F2DA-4EE2-A589-360C439EC5D9}.Release|Any CPU.ActiveCfg = Release|Any CPU
		{C8A4B1FD-F2DA-4EE2-A589-360C439EC5D9}.Release|Any CPU.Build.0 = Release|Any CPU
		{9B0D1A44-D430-49E5-AA61-3307862AFAFA}.Debug|Any CPU.ActiveCfg = Debug|Any CPU
		{9B0D1A44-D430-49E5-AA61-3307862AFAFA}.Debug|Any CPU.Build.0 = Debug|Any CPU
		{9B0D1A44-D430-49E5-AA61-3307862AFAFA}.Release|Any CPU.ActiveCfg = Release|Any CPU
		{9B0D1A44-D430-49E5-AA61-3307862AFAFA}.Release|Any CPU.Build.0 = Release|Any CPU
		{FF589524-3DD7-45C5-8FAA-409F3C273AF8}.Debug|Any CPU.ActiveCfg = Debug|Any CPU
		{FF589524-3DD7-45C5-8FAA-409F3C273AF8}.Debug|Any CPU.Build.0 = Debug|Any CPU
		{FF589524-3DD7-45C5-8FAA-409F3C273AF8}.Release|Any CPU.ActiveCfg = Release|Any CPU
		{FF589524-3DD7-45C5-8FAA-409F3C273AF8}.Release|Any CPU.Build.0 = Release|Any CPU
		{CB1FD2DB-FD19-4CF0-A1D4-28CEF9D58929}.Debug|Any CPU.ActiveCfg = Debug|Any CPU
		{CB1FD2DB-FD19-4CF0-A1D4-28CEF9D58929}.Debug|Any CPU.Build.0 = Debug|Any CPU
		{CB1FD2DB-FD19-4CF0-A1D4-28CEF9D58929}.Release|Any CPU.ActiveCfg = Release|Any CPU
		{CB1FD2DB-FD19-4CF0-A1D4-28CEF9D58929}.Release|Any CPU.Build.0 = Release|Any CPU
		{CBEB3BCC-0644-40BB-BD7A-50A3BA24DF01}.Debug|Any CPU.ActiveCfg = Debug|Any CPU
		{CBEB3BCC-0644-40BB-BD7A-50A3BA24DF01}.Debug|Any CPU.Build.0 = Debug|Any CPU
		{CBEB3BCC-0644-40BB-BD7A-50A3BA24DF01}.Release|Any CPU.ActiveCfg = Release|Any CPU
		{CBEB3BCC-0644-40BB-BD7A-50A3BA24DF01}.Release|Any CPU.Build.0 = Release|Any CPU
		{276C2C1A-7054-4D01-865D-5CE79240DA9B}.Debug|Any CPU.ActiveCfg = Debug|Any CPU
		{276C2C1A-7054-4D01-865D-5CE79240DA9B}.Debug|Any CPU.Build.0 = Debug|Any CPU
		{276C2C1A-7054-4D01-865D-5CE79240DA9B}.Release|Any CPU.ActiveCfg = Release|Any CPU
		{276C2C1A-7054-4D01-865D-5CE79240DA9B}.Release|Any CPU.Build.0 = Release|Any CPU
		{D9613DD6-B76F-417D-AABF-DD74E668DE54}.Debug|Any CPU.ActiveCfg = Debug|Any CPU
		{D9613DD6-B76F-417D-AABF-DD74E668DE54}.Debug|Any CPU.Build.0 = Debug|Any CPU
		{D9613DD6-B76F-417D-AABF-DD74E668DE54}.Release|Any CPU.ActiveCfg = Release|Any CPU
		{D9613DD6-B76F-417D-AABF-DD74E668DE54}.Release|Any CPU.Build.0 = Release|Any CPU
		{2A499CFF-8833-41EF-9BBA-175749B613DC}.Debug|Any CPU.ActiveCfg = Debug|Any CPU
		{2A499CFF-8833-41EF-9BBA-175749B613DC}.Debug|Any CPU.Build.0 = Debug|Any CPU
		{2A499CFF-8833-41EF-9BBA-175749B613DC}.Release|Any CPU.ActiveCfg = Release|Any CPU
		{2A499CFF-8833-41EF-9BBA-175749B613DC}.Release|Any CPU.Build.0 = Release|Any CPU
		{C04E1CAB-1498-4048-AAE7-9AA573863582}.Debug|Any CPU.ActiveCfg = Debug|Any CPU
		{C04E1CAB-1498-4048-AAE7-9AA573863582}.Debug|Any CPU.Build.0 = Debug|Any CPU
		{C04E1CAB-1498-4048-AAE7-9AA573863582}.Release|Any CPU.ActiveCfg = Release|Any CPU
		{C04E1CAB-1498-4048-AAE7-9AA573863582}.Release|Any CPU.Build.0 = Release|Any CPU
		{A44453AC-D504-4B39-835F-68F18C506C04}.Debug|Any CPU.ActiveCfg = Debug|Any CPU
		{A44453AC-D504-4B39-835F-68F18C506C04}.Debug|Any CPU.Build.0 = Debug|Any CPU
		{A44453AC-D504-4B39-835F-68F18C506C04}.Release|Any CPU.ActiveCfg = Release|Any CPU
		{A44453AC-D504-4B39-835F-68F18C506C04}.Release|Any CPU.Build.0 = Release|Any CPU
	EndGlobalSection
	GlobalSection(SolutionProperties) = preSolution
		HideSolutionNode = FALSE
	EndGlobalSection
	GlobalSection(ExtensibilityGlobals) = postSolution
		SolutionGuid = {DAEF09FA-A942-4AE1-BD05-2717BF07653E}
	EndGlobalSection
EndGlobal
